
Microsoft Visual Studio Solution File, Format Version 12.00
# Visual Studio Version 17
VisualStudioVersion = 17.11.35327.3
MinimumVisualStudioVersion = 10.0.40219.1
Project("{2150E333-8FDC-42A3-9474-1A3956D46DE8}") = "NetFramework", "NetFramework", "{4B0DCC81-F69D-4FBA-98B8-67ECF414AF8D}"
EndProject
Project("{FAE04EC0-301F-11D3-BF4B-00C04F79EFBC}") = "AppWinForm", "..\Apps\CSharp\AppWinForm\AppWinForm.csproj", "{563E1308-7AA0-458C-B28A-186EF834B224}"
EndProject
Project("{FAE04EC0-301F-11D3-BF4B-00C04F79EFBC}") = "CoreNetFramework", "..\Libs\CSharp\CoreNetFramework\CoreNetFramework.csproj", "{E7F0BB13-267A-4E53-A81C-31CBE6A449B4}"
EndProject
Project("{FAE04EC0-301F-11D3-BF4B-00C04F79EFBC}") = "ControlLibraryWinForm", "..\Libs\CSharp\ControlLibraryWinForm\ControlLibraryWinForm.csproj", "{57926ED9-7B47-4C18-9CC1-2066DCDFE55B}"
EndProject
Project("{2150E333-8FDC-42A3-9474-1A3956D46DE8}") = "Application", "Application", "{3361527E-05DF-43AB-AF2F-1FA88B5794B8}"
EndProject
Project("{2150E333-8FDC-42A3-9474-1A3956D46DE8}") = "Library", "Library", "{AD9A6C83-82A5-42E6-B66B-8FB283D01C92}"
EndProject
Project("{9A19103F-16F7-4668-BE54-9A1E7A4F7556}") = "CoreBase", "..\Libs\CSharp\CoreBase\CoreBase.csproj", "{A03F4DC2-0CDF-44D9-8CF1-A962DB482967}"
EndProject
Project("{9A19103F-16F7-4668-BE54-9A1E7A4F7556}") = "AppWpf", "..\Apps\CSharp\AppWpf\AppWpf.csproj", "{115C9F09-9EEC-44C3-AF03-1C7AC0C3674C}"
EndProject
Project("{FAE04EC0-301F-11D3-BF4B-00C04F79EFBC}") = "WpfControlLibrary", "..\Libs\CSharp\WpfControlLibrary\WpfControlLibrary.csproj", "{66980C7B-7676-472A-ABC9-C688CADE6D8C}"
EndProject
Project("{FAE04EC0-301F-11D3-BF4B-00C04F79EFBC}") = "WpfLibraryViewModel", "..\Libs\CSharp\WpfLibraryViewModel\WpfLibraryViewModel.csproj", "{40DF7014-3ED6-43FB-88F2-9776EA1CD8F4}"
EndProject
Project("{FAE04EC0-301F-11D3-BF4B-00C04F79EFBC}") = "WpfCustomControlLibrary", "..\Libs\CSharp\WpfCustomControlLibrary\WpfCustomControlLibrary.csproj", "{952AEC40-3025-4EE1-94CA-041FDE4AF625}"
EndProject
Project("{FAE04EC0-301F-11D3-BF4B-00C04F79EFBC}") = "WpfLibraryModel", "..\Libs\CSharp\WpfLibraryModel\WpfLibraryModel.csproj", "{73E4EE7C-6968-4271-8A25-ED213D48C85B}"
EndProject
Global
	GlobalSection(SolutionConfigurationPlatforms) = preSolution
		Debug|Any CPU = Debug|Any CPU
		Release|Any CPU = Release|Any CPU
	EndGlobalSection
	GlobalSection(ProjectConfigurationPlatforms) = postSolution
		{563E1308-7AA0-458C-B28A-186EF834B224}.Debug|Any CPU.ActiveCfg = Debug|Any CPU
		{563E1308-7AA0-458C-B28A-186EF834B224}.Debug|Any CPU.Build.0 = Debug|Any CPU
		{563E1308-7AA0-458C-B28A-186EF834B224}.Release|Any CPU.ActiveCfg = Release|Any CPU
		{563E1308-7AA0-458C-B28A-186EF834B224}.Release|Any CPU.Build.0 = Release|Any CPU
		{E7F0BB13-267A-4E53-A81C-31CBE6A449B4}.Debug|Any CPU.ActiveCfg = Debug|Any CPU
		{E7F0BB13-267A-4E53-A81C-31CBE6A449B4}.Debug|Any CPU.Build.0 = Debug|Any CPU
		{E7F0BB13-267A-4E53-A81C-31CBE6A449B4}.Release|Any CPU.ActiveCfg = Release|Any CPU
		{E7F0BB13-267A-4E53-A81C-31CBE6A449B4}.Release|Any CPU.Build.0 = Release|Any CPU
		{57926ED9-7B47-4C18-9CC1-2066DCDFE55B}.Debug|Any CPU.ActiveCfg = Debug|Any CPU
		{57926ED9-7B47-4C18-9CC1-2066DCDFE55B}.Debug|Any CPU.Build.0 = Debug|Any CPU
		{57926ED9-7B47-4C18-9CC1-2066DCDFE55B}.Release|Any CPU.ActiveCfg = Release|Any CPU
		{57926ED9-7B47-4C18-9CC1-2066DCDFE55B}.Release|Any CPU.Build.0 = Release|Any CPU
		{A03F4DC2-0CDF-44D9-8CF1-A962DB482967}.Debug|Any CPU.ActiveCfg = Debug|Any CPU
		{A03F4DC2-0CDF-44D9-8CF1-A962DB482967}.Debug|Any CPU.Build.0 = Debug|Any CPU
		{A03F4DC2-0CDF-44D9-8CF1-A962DB482967}.Release|Any CPU.ActiveCfg = Release|Any CPU
		{A03F4DC2-0CDF-44D9-8CF1-A962DB482967}.Release|Any CPU.Build.0 = Release|Any CPU
		{115C9F09-9EEC-44C3-AF03-1C7AC0C3674C}.Debug|Any CPU.ActiveCfg = Debug|Any CPU
		{115C9F09-9EEC-44C3-AF03-1C7AC0C3674C}.Debug|Any CPU.Build.0 = Debug|Any CPU
		{115C9F09-9EEC-44C3-AF03-1C7AC0C3674C}.Release|Any CPU.ActiveCfg = Release|Any CPU
		{115C9F09-9EEC-44C3-AF03-1C7AC0C3674C}.Release|Any CPU.Build.0 = Release|Any CPU
		{66980C7B-7676-472A-ABC9-C688CADE6D8C}.Debug|Any CPU.ActiveCfg = Debug|Any CPU
		{66980C7B-7676-472A-ABC9-C688CADE6D8C}.Debug|Any CPU.Build.0 = Debug|Any CPU
		{66980C7B-7676-472A-ABC9-C688CADE6D8C}.Release|Any CPU.ActiveCfg = Release|Any CPU
		{66980C7B-7676-472A-ABC9-C688CADE6D8C}.Release|Any CPU.Build.0 = Release|Any CPU
		{40DF7014-3ED6-43FB-88F2-9776EA1CD8F4}.Debug|Any CPU.ActiveCfg = Debug|Any CPU
		{40DF7014-3ED6-43FB-88F2-9776EA1CD8F4}.Debug|Any CPU.Build.0 = Debug|Any CPU
		{40DF7014-3ED6-43FB-88F2-9776EA1CD8F4}.Release|Any CPU.ActiveCfg = Release|Any CPU
		{40DF7014-3ED6-43FB-88F2-9776EA1CD8F4}.Release|Any CPU.Build.0 = Release|Any CPU
		{952AEC40-3025-4EE1-94CA-041FDE4AF625}.Debug|Any CPU.ActiveCfg = Debug|Any CPU
		{952AEC40-3025-4EE1-94CA-041FDE4AF625}.Debug|Any CPU.Build.0 = Debug|Any CPU
		{952AEC40-3025-4EE1-94CA-041FDE4AF625}.Release|Any CPU.ActiveCfg = Release|Any CPU
		{952AEC40-3025-4EE1-94CA-041FDE4AF625}.Release|Any CPU.Build.0 = Release|Any CPU
		{73E4EE7C-6968-4271-8A25-ED213D48C85B}.Debug|Any CPU.ActiveCfg = Debug|Any CPU
		{73E4EE7C-6968-4271-8A25-ED213D48C85B}.Debug|Any CPU.Build.0 = Debug|Any CPU
		{73E4EE7C-6968-4271-8A25-ED213D48C85B}.Release|Any CPU.ActiveCfg = Release|Any CPU
		{73E4EE7C-6968-4271-8A25-ED213D48C85B}.Release|Any CPU.Build.0 = Release|Any CPU
	EndGlobalSection
	GlobalSection(SolutionProperties) = preSolution
		HideSolutionNode = FALSE
	EndGlobalSection
	GlobalSection(NestedProjects) = preSolution
		{563E1308-7AA0-458C-B28A-186EF834B224} = {4B0DCC81-F69D-4FBA-98B8-67ECF414AF8D}
		{E7F0BB13-267A-4E53-A81C-31CBE6A449B4} = {4B0DCC81-F69D-4FBA-98B8-67ECF414AF8D}
		{57926ED9-7B47-4C18-9CC1-2066DCDFE55B} = {4B0DCC81-F69D-4FBA-98B8-67ECF414AF8D}
		{A03F4DC2-0CDF-44D9-8CF1-A962DB482967} = {AD9A6C83-82A5-42E6-B66B-8FB283D01C92}
		{115C9F09-9EEC-44C3-AF03-1C7AC0C3674C} = {3361527E-05DF-43AB-AF2F-1FA88B5794B8}
		{66980C7B-7676-472A-ABC9-C688CADE6D8C} = {AD9A6C83-82A5-42E6-B66B-8FB283D01C92}
		{40DF7014-3ED6-43FB-88F2-9776EA1CD8F4} = {AD9A6C83-82A5-42E6-B66B-8FB283D01C92}
		{952AEC40-3025-4EE1-94CA-041FDE4AF625} = {AD9A6C83-82A5-42E6-B66B-8FB283D01C92}
		{73E4EE7C-6968-4271-8A25-ED213D48C85B} = {AD9A6C83-82A5-42E6-B66B-8FB283D01C92}
	EndGlobalSection
	GlobalSection(ExtensibilityGlobals) = postSolution
		SolutionGuid = {5C8A93FC-F5CD-446D-8828-F15940FE0BBF}
	EndGlobalSection
EndGlobal
